
Microsoft Visual Studio Solution File, Format Version 12.00
# Visual Studio 15
VisualStudioVersion = 15.0.28010.2050
MinimumVisualStudioVersion = 10.0.40219.1
Project("{FAE04EC0-301F-11D3-BF4B-00C04F79EFBC}") = "MonoGame-GettingStarted_CrossPlatform_Sketch00", "MonoGame-GettingStarted_CrossPlatform_Sketch00\MonoGame-GettingStarted_CrossPlatform_Sketch00.csproj", "{B8E741D9-1EA5-49F9-B202-44BBDCFFE310}"
EndProject
Global
	GlobalSection(SolutionConfigurationPlatforms) = preSolution
		Debug|Any CPU = Debug|Any CPU
		Release|Any CPU = Release|Any CPU
	EndGlobalSection
	GlobalSection(ProjectConfigurationPlatforms) = postSolution
		{B8E741D9-1EA5-49F9-B202-44BBDCFFE310}.Debug|Any CPU.ActiveCfg = Debug|Any CPU
		{B8E741D9-1EA5-49F9-B202-44BBDCFFE310}.Debug|Any CPU.Build.0 = Debug|Any CPU
		{B8E741D9-1EA5-49F9-B202-44BBDCFFE310}.Release|Any CPU.ActiveCfg = Release|Any CPU
		{B8E741D9-1EA5-49F9-B202-44BBDCFFE310}.Release|Any CPU.Build.0 = Release|Any CPU
	EndGlobalSection
	GlobalSection(SolutionProperties) = preSolution
		HideSolutionNode = FALSE
	EndGlobalSection
	GlobalSection(ExtensibilityGlobals) = postSolution
		SolutionGuid = {059100A4-9762-4F18-9B30-2E3C17108D06}
	EndGlobalSection
EndGlobal
